
Microsoft Visual Studio Solution File, Format Version 12.00
# Visual Studio Version 16
VisualStudioVersion = 16.0.29613.14
MinimumVisualStudioVersion = 10.0.40219.1
Project("{9A19103F-16F7-4668-BE54-9A1E7A4F7556}") = "FileUploader.Web", "FileUploader.Web\FileUploader.Web.csproj", "{E27DABA9-966B-4303-BFEC-C61DEC4C87FD}"
EndProject
Project("{9A19103F-16F7-4668-BE54-9A1E7A4F7556}") = "FileUploader.Services", "FileUploader.Services\FileUploader.Services.csproj", "{6EF5C4A2-4366-4C7A-8098-6DF5BF32646F}"
EndProject
Project("{FAE04EC0-301F-11D3-BF4B-00C04F79EFBC}") = "FileUploader.Tests", "FileUploader.Tests\FileUploader.Tests.csproj", "{3C131FB6-9B77-4088-96F1-D32CCE1E4B7C}"
EndProject
Global
	GlobalSection(SolutionConfigurationPlatforms) = preSolution
		Debug|Any CPU = Debug|Any CPU
		Release|Any CPU = Release|Any CPU
	EndGlobalSection
	GlobalSection(ProjectConfigurationPlatforms) = postSolution
		{E27DABA9-966B-4303-BFEC-C61DEC4C87FD}.Debug|Any CPU.ActiveCfg = Debug|Any CPU
		{E27DABA9-966B-4303-BFEC-C61DEC4C87FD}.Debug|Any CPU.Build.0 = Debug|Any CPU
		{E27DABA9-966B-4303-BFEC-C61DEC4C87FD}.Release|Any CPU.ActiveCfg = Release|Any CPU
		{E27DABA9-966B-4303-BFEC-C61DEC4C87FD}.Release|Any CPU.Build.0 = Release|Any CPU
		{6EF5C4A2-4366-4C7A-8098-6DF5BF32646F}.Debug|Any CPU.ActiveCfg = Debug|Any CPU
		{6EF5C4A2-4366-4C7A-8098-6DF5BF32646F}.Debug|Any CPU.Build.0 = Debug|Any CPU
		{6EF5C4A2-4366-4C7A-8098-6DF5BF32646F}.Release|Any CPU.ActiveCfg = Release|Any CPU
		{6EF5C4A2-4366-4C7A-8098-6DF5BF32646F}.Release|Any CPU.Build.0 = Release|Any CPU
		{3C131FB6-9B77-4088-96F1-D32CCE1E4B7C}.Debug|Any CPU.ActiveCfg = Debug|Any CPU
		{3C131FB6-9B77-4088-96F1-D32CCE1E4B7C}.Debug|Any CPU.Build.0 = Debug|Any CPU
		{3C131FB6-9B77-4088-96F1-D32CCE1E4B7C}.Release|Any CPU.ActiveCfg = Release|Any CPU
		{3C131FB6-9B77-4088-96F1-D32CCE1E4B7C}.Release|Any CPU.Build.0 = Release|Any CPU
	EndGlobalSection
	GlobalSection(SolutionProperties) = preSolution
		HideSolutionNode = FALSE
	EndGlobalSection
	GlobalSection(ExtensibilityGlobals) = postSolution
		SolutionGuid = {B2F6672B-0A58-42FD-A05A-913DECAB919A}
	EndGlobalSection
EndGlobal
